
Microsoft Visual Studio Solution File, Format Version 12.00
# Visual Studio Version 16
VisualStudioVersion = 16.0.31005.135
MinimumVisualStudioVersion = 10.0.40219.1
Project("{9A19103F-16F7-4668-BE54-9A1E7A4F7556}") = "Airliness", "Airliness\Airliness.csproj", "{5DA8D89B-4557-4B18-B0EC-0F06AF465E79}"
EndProject
Project("{FAE04EC0-301F-11D3-BF4B-00C04F79EFBC}") = "DataAccess", "DataAccess\DataAccess.csproj", "{B56F2F87-9209-4A94-B6BD-F7703ABFB3CA}"
EndProject
Project("{FAE04EC0-301F-11D3-BF4B-00C04F79EFBC}") = "Entities", "Entities\Entities.csproj", "{E7F4E06D-28C9-466C-A0C1-088434B2BDE2}"
EndProject
Project("{FAE04EC0-301F-11D3-BF4B-00C04F79EFBC}") = "Core", "Core\Core.csproj", "{206259C8-4C35-457C-A3F7-8E54FEE13B97}"
EndProject
Global
	GlobalSection(SolutionConfigurationPlatforms) = preSolution
		Debug|Any CPU = Debug|Any CPU
		Release|Any CPU = Release|Any CPU
	EndGlobalSection
	GlobalSection(ProjectConfigurationPlatforms) = postSolution
		{5DA8D89B-4557-4B18-B0EC-0F06AF465E79}.Debug|Any CPU.ActiveCfg = Debug|Any CPU
		{5DA8D89B-4557-4B18-B0EC-0F06AF465E79}.Debug|Any CPU.Build.0 = Debug|Any CPU
		{5DA8D89B-4557-4B18-B0EC-0F06AF465E79}.Release|Any CPU.ActiveCfg = Release|Any CPU
		{5DA8D89B-4557-4B18-B0EC-0F06AF465E79}.Release|Any CPU.Build.0 = Release|Any CPU
		{B56F2F87-9209-4A94-B6BD-F7703ABFB3CA}.Debug|Any CPU.ActiveCfg = Debug|Any CPU
		{B56F2F87-9209-4A94-B6BD-F7703ABFB3CA}.Debug|Any CPU.Build.0 = Debug|Any CPU
		{B56F2F87-9209-4A94-B6BD-F7703ABFB3CA}.Release|Any CPU.ActiveCfg = Release|Any CPU
		{B56F2F87-9209-4A94-B6BD-F7703ABFB3CA}.Release|Any CPU.Build.0 = Release|Any CPU
		{E7F4E06D-28C9-466C-A0C1-088434B2BDE2}.Debug|Any CPU.ActiveCfg = Debug|Any CPU
		{E7F4E06D-28C9-466C-A0C1-088434B2BDE2}.Debug|Any CPU.Build.0 = Debug|Any CPU
		{E7F4E06D-28C9-466C-A0C1-088434B2BDE2}.Release|Any CPU.ActiveCfg = Release|Any CPU
		{E7F4E06D-28C9-466C-A0C1-088434B2BDE2}.Release|Any CPU.Build.0 = Release|Any CPU
		{206259C8-4C35-457C-A3F7-8E54FEE13B97}.Debug|Any CPU.ActiveCfg = Debug|Any CPU
		{206259C8-4C35-457C-A3F7-8E54FEE13B97}.Debug|Any CPU.Build.0 = Debug|Any CPU
		{206259C8-4C35-457C-A3F7-8E54FEE13B97}.Release|Any CPU.ActiveCfg = Release|Any CPU
		{206259C8-4C35-457C-A3F7-8E54FEE13B97}.Release|Any CPU.Build.0 = Release|Any CPU
	EndGlobalSection
	GlobalSection(SolutionProperties) = preSolution
		HideSolutionNode = FALSE
	EndGlobalSection
	GlobalSection(ExtensibilityGlobals) = postSolution
		SolutionGuid = {D9EC7D58-7239-4B72-9B44-559C5868C193}
	EndGlobalSection
EndGlobal
