
Microsoft Visual Studio Solution File, Format Version 12.00
# Visual Studio Version 16
VisualStudioVersion = 16.0.31005.135
MinimumVisualStudioVersion = 10.0.40219.1
Project("{FAE04EC0-301F-11D3-BF4B-00C04F79EFBC}") = "Airliness", "Airliness\Airliness.csproj", "{5DA8D89B-4557-4B18-B0EC-0F06AF465E79}"
EndProject
Global
	GlobalSection(SolutionConfigurationPlatforms) = preSolution
		Debug|Any CPU = Debug|Any CPU
		Release|Any CPU = Release|Any CPU
	EndGlobalSection
	GlobalSection(ProjectConfigurationPlatforms) = postSolution
		{5DA8D89B-4557-4B18-B0EC-0F06AF465E79}.Debug|Any CPU.ActiveCfg = Debug|Any CPU
		{5DA8D89B-4557-4B18-B0EC-0F06AF465E79}.Debug|Any CPU.Build.0 = Debug|Any CPU
		{5DA8D89B-4557-4B18-B0EC-0F06AF465E79}.Release|Any CPU.ActiveCfg = Release|Any CPU
		{5DA8D89B-4557-4B18-B0EC-0F06AF465E79}.Release|Any CPU.Build.0 = Release|Any CPU
	EndGlobalSection
	GlobalSection(SolutionProperties) = preSolution
		HideSolutionNode = FALSE
	EndGlobalSection
	GlobalSection(ExtensibilityGlobals) = postSolution
		SolutionGuid = {D9EC7D58-7239-4B72-9B44-559C5868C193}
	EndGlobalSection
EndGlobal
